// !$*UTF8*$!
{
	archiveVersion = 1;
	classes = {
	};
	objectVersion = 54;
	objects = {

/* Begin PBXBuildFile section */
		44A726A7DC5C8EE47E9B8463 /* Pods_FindCVSTests.framework in Frameworks */ = {isa = PBXBuildFile; fileRef = B0B2CDD912FA61C124477E32 /* Pods_FindCVSTests.framework */; };
		7D331D4C27003AB1003BF547 /* AppDelegate.swift in Sources */ = {isa = PBXBuildFile; fileRef = 7D331D4B27003AB1003BF547 /* AppDelegate.swift */; };
		7D331D4E27003AB1003BF547 /* SceneDelegate.swift in Sources */ = {isa = PBXBuildFile; fileRef = 7D331D4D27003AB1003BF547 /* SceneDelegate.swift */; };
		7D331D5527003AB3003BF547 /* Assets.xcassets in Resources */ = {isa = PBXBuildFile; fileRef = 7D331D5427003AB3003BF547 /* Assets.xcassets */; };
		7D331D5827003AB3003BF547 /* LaunchScreen.storyboard in Resources */ = {isa = PBXBuildFile; fileRef = 7D331D5627003AB3003BF547 /* LaunchScreen.storyboard */; };
		7D331DFB2700423E003BF547 /* OpenGLES.framework in Frameworks */ = {isa = PBXBuildFile; fileRef = 7D331D6227003C72003BF547 /* OpenGLES.framework */; };
		7D331DFC27004245003BF547 /* SystemConfiguration.framework in Frameworks */ = {isa = PBXBuildFile; fileRef = 7D331D6427003C7C003BF547 /* SystemConfiguration.framework */; };
		7D331DFD2700424C003BF547 /* CoreLocation.framework in Frameworks */ = {isa = PBXBuildFile; fileRef = 7D331D6627003C85003BF547 /* CoreLocation.framework */; };
		7D331DFE27004254003BF547 /* QuartzCore.framework in Frameworks */ = {isa = PBXBuildFile; fileRef = 7D331D6827003C8C003BF547 /* QuartzCore.framework */; };
		7D331DFF27004259003BF547 /* libc++.tbd in Frameworks */ = {isa = PBXBuildFile; fileRef = 7D331D6A27003CA9003BF547 /* libc++.tbd */; };
		7D331E002700425F003BF547 /* libxml2.tbd in Frameworks */ = {isa = PBXBuildFile; fileRef = 7D331D6C27003CB0003BF547 /* libxml2.tbd */; };
		7D331E0127004264003BF547 /* libsqlite3.tbd in Frameworks */ = {isa = PBXBuildFile; fileRef = 7D331D6E27003CB8003BF547 /* libsqlite3.tbd */; };
		7D331E032700430F003BF547 /* LocationData.swift in Sources */ = {isa = PBXBuildFile; fileRef = 7D331E022700430F003BF547 /* LocationData.swift */; };
		7D331E0627004353003BF547 /* KLDocument.swift in Sources */ = {isa = PBXBuildFile; fileRef = 7D331E0527004353003BF547 /* KLDocument.swift */; };
		7D331E0827004406003BF547 /* DetailListCellData.swift in Sources */ = {isa = PBXBuildFile; fileRef = 7D331E0727004406003BF547 /* DetailListCellData.swift */; };
		7D331E0A270046C2003BF547 /* LocationInformationViewController.swift in Sources */ = {isa = PBXBuildFile; fileRef = 7D331E09270046C2003BF547 /* LocationInformationViewController.swift */; };
		7D331E0D270046ED003BF547 /* LocationInformationViewModel.swift in Sources */ = {isa = PBXBuildFile; fileRef = 7D331E0C270046ED003BF547 /* LocationInformationViewModel.swift */; };
		7D331E1D27004B62003BF547 /* MTMapViewError.swift in Sources */ = {isa = PBXBuildFile; fileRef = 7D331E1C27004B62003BF547 /* MTMapViewError.swift */; };
		7D331E1F27004EC5003BF547 /* DetailListCell.swift in Sources */ = {isa = PBXBuildFile; fileRef = 7D331E1E27004EC5003BF547 /* DetailListCell.swift */; };
		7D331E2127004FEB003BF547 /* DetailListBackgroundView.swift in Sources */ = {isa = PBXBuildFile; fileRef = 7D331E2027004FEB003BF547 /* DetailListBackgroundView.swift */; };
		7D331E2327004FF8003BF547 /* DetailListBackgroundViewModel.swift in Sources */ = {isa = PBXBuildFile; fileRef = 7D331E2227004FF8003BF547 /* DetailListBackgroundViewModel.swift */; };
		7D331E252700567C003BF547 /* LocalAPI.swift in Sources */ = {isa = PBXBuildFile; fileRef = 7D331E242700567C003BF547 /* LocalAPI.swift */; };
		7D331E282700577A003BF547 /* LocalNetwork.swift in Sources */ = {isa = PBXBuildFile; fileRef = 7D331E272700577A003BF547 /* LocalNetwork.swift */; };
		7D331E2A270058A3003BF547 /* LocationInformationModel.swift in Sources */ = {isa = PBXBuildFile; fileRef = 7D331E29270058A3003BF547 /* LocationInformationModel.swift */; };
		7D331F792700637B003BF547 /* map_pinup_custom@3x.png in Resources */ = {isa = PBXBuildFile; fileRef = 7D331F542700637B003BF547 /* map_pinup_custom@3x.png */; };
		7D331F7B2700637B003BF547 /* map_pin_custom.png in Resources */ = {isa = PBXBuildFile; fileRef = 7D331F552700637B003BF547 /* map_pin_custom.png */; };
		7D331F7D2700637B003BF547 /* shadow_balloon.png in Resources */ = {isa = PBXBuildFile; fileRef = 7D331F562700637B003BF547 /* shadow_balloon.png */; };
		7D331F7F2700637B003BF547 /* map_pinup.png in Resources */ = {isa = PBXBuildFile; fileRef = 7D331F572700637B003BF547 /* map_pinup.png */; };
		7D331F812700637B003BF547 /* detail_button.png in Resources */ = {isa = PBXBuildFile; fileRef = 7D331F582700637B003BF547 /* detail_button.png */; };
		7D331F832700637B003BF547 /* map_pin_custom@3x.png in Resources */ = {isa = PBXBuildFile; fileRef = 7D331F592700637B003BF547 /* map_pin_custom@3x.png */; };
		7D331F852700637B003BF547 /* map_pinup@3x.png in Resources */ = {isa = PBXBuildFile; fileRef = 7D331F5A2700637B003BF547 /* map_pinup@3x.png */; };
		7D331F872700637B003BF547 /* map_pin_shadow@3x.png in Resources */ = {isa = PBXBuildFile; fileRef = 7D331F5B2700637B003BF547 /* map_pin_shadow@3x.png */; };
		7D331F892700637B003BF547 /* copyright.png in Resources */ = {isa = PBXBuildFile; fileRef = 7D331F5C2700637B003BF547 /* copyright.png */; };
		7D331F8B2700637B003BF547 /* th_line.png in Resources */ = {isa = PBXBuildFile; fileRef = 7D331F5D2700637B003BF547 /* th_line.png */; };
		7D331F8D2700637B003BF547 /* map_pin_red@3x.png in Resources */ = {isa = PBXBuildFile; fileRef = 7D331F5E2700637B003BF547 /* map_pin_red@3x.png */; };
		7D331F8F2700637B003BF547 /* daum_copyright.png in Resources */ = {isa = PBXBuildFile; fileRef = 7D331F5F2700637B003BF547 /* daum_copyright.png */; };
		7D331F912700637B003BF547 /* map_pin@3x.png in Resources */ = {isa = PBXBuildFile; fileRef = 7D331F602700637B003BF547 /* map_pin@3x.png */; };
		7D331F932700637B003BF547 /* map_present_tracking.png in Resources */ = {isa = PBXBuildFile; fileRef = 7D331F612700637B003BF547 /* map_present_tracking.png */; };
		7D331F952700637C003BF547 /* map_pin_red.png in Resources */ = {isa = PBXBuildFile; fileRef = 7D331F622700637B003BF547 /* map_pin_red.png */; };
		7D331F972700637C003BF547 /* info_box.png in Resources */ = {isa = PBXBuildFile; fileRef = 7D331F6C2700637B003BF547 /* info_box.png */; };
		7D331F992700637C003BF547 /* point_sprite.png in Resources */ = {isa = PBXBuildFile; fileRef = 7D331F6D2700637B003BF547 /* point_sprite.png */; };
		7D331F9B2700637C003BF547 /* map_pinup_custom.png in Resources */ = {isa = PBXBuildFile; fileRef = 7D331F6E2700637B003BF547 /* map_pinup_custom.png */; };
		7D331F9D2700637C003BF547 /* info_box_tail.png in Resources */ = {isa = PBXBuildFile; fileRef = 7D331F6F2700637B003BF547 /* info_box_tail.png */; };
		7D331F9F2700637C003BF547 /* noimage256.png in Resources */ = {isa = PBXBuildFile; fileRef = 7D331F702700637B003BF547 /* noimage256.png */; };
		7D331FA12700637C003BF547 /* map_present_direction.png in Resources */ = {isa = PBXBuildFile; fileRef = 7D331F712700637B003BF547 /* map_present_direction.png */; };
		7D331FA32700637C003BF547 /* map_pin.png in Resources */ = {isa = PBXBuildFile; fileRef = 7D331F722700637B003BF547 /* map_pin.png */; };
		7D331FA52700637C003BF547 /* map_present.png in Resources */ = {isa = PBXBuildFile; fileRef = 7D331F732700637B003BF547 /* map_present.png */; };
		7D331FA72700637C003BF547 /* noimage.png in Resources */ = {isa = PBXBuildFile; fileRef = 7D331F742700637B003BF547 /* noimage.png */; };
		7D331FA92700637C003BF547 /* map_present_background_update.png in Resources */ = {isa = PBXBuildFile; fileRef = 7D331F752700637B003BF547 /* map_present_background_update.png */; };
		7D331FAB2700637C003BF547 /* daum_th_line.png in Resources */ = {isa = PBXBuildFile; fileRef = 7D331F762700637B003BF547 /* daum_th_line.png */; };
		7D331FAD2700637C003BF547 /* map_pin_shadow.png in Resources */ = {isa = PBXBuildFile; fileRef = 7D331F772700637B003BF547 /* map_pin_shadow.png */; };
		7D331FAF2700637C003BF547 /* DaumMap.framework in Frameworks */ = {isa = PBXBuildFile; fileRef = 7D331F782700637B003BF547 /* DaumMap.framework */; };
		7DA2D7AA2700737C002B7663 /* LocalNetworkStub.swift in Sources */ = {isa = PBXBuildFile; fileRef = 7DA2D7A92700737C002B7663 /* LocalNetworkStub.swift */; };
		7DA2D7AC2700746C002B7663 /* networkDummy.json in Resources */ = {isa = PBXBuildFile; fileRef = 7DA2D7AB2700746C002B7663 /* networkDummy.json */; };
		7DA2D7AE270074BC002B7663 /* Dummy.swift in Sources */ = {isa = PBXBuildFile; fileRef = 7DA2D7AD270074BC002B7663 /* Dummy.swift */; };
		7DA2D7B2270075C3002B7663 /* LocationInformationModelTests.swift in Sources */ = {isa = PBXBuildFile; fileRef = 7DA2D7B1270075C3002B7663 /* LocationInformationModelTests.swift */; };
		7DA2D7B42700792C002B7663 /* LocationInformationViewModelTests.swift in Sources */ = {isa = PBXBuildFile; fileRef = 7DA2D7B32700792C002B7663 /* LocationInformationViewModelTests.swift */; };
		D0B11FC12700B9C610BB06D5 /* Pods_FindCVS.framework in Frameworks */ = {isa = PBXBuildFile; fileRef = B7F23C3B281DD63960395E2D /* Pods_FindCVS.framework */; };
/* End PBXBuildFile section */

/* Begin PBXContainerItemProxy section */
		7DA2D7A42700734E002B7663 /* PBXContainerItemProxy */ = {
			isa = PBXContainerItemProxy;
			containerPortal = 7D331D4027003AB1003BF547 /* Project object */;
			proxyType = 1;
			remoteGlobalIDString = 7D331D4727003AB1003BF547;
			remoteInfo = FindCVS;
		};
/* End PBXContainerItemProxy section */

/* Begin PBXFileReference section */
		42A4BBABBC9623E59B00835F /* Pods-FindCVSTests.debug.xcconfig */ = {isa = PBXFileReference; includeInIndex = 1; lastKnownFileType = text.xcconfig; name = "Pods-FindCVSTests.debug.xcconfig"; path = "Target Support Files/Pods-FindCVSTests/Pods-FindCVSTests.debug.xcconfig"; sourceTree = "<group>"; };
		44F12848095DEFFD4A3DAC50 /* Pods-FindCVS.release.xcconfig */ = {isa = PBXFileReference; includeInIndex = 1; lastKnownFileType = text.xcconfig; name = "Pods-FindCVS.release.xcconfig"; path = "Target Support Files/Pods-FindCVS/Pods-FindCVS.release.xcconfig"; sourceTree = "<group>"; };
		7A75EC744EF000C7C238B65D /* Pods-FindCVS.debug.xcconfig */ = {isa = PBXFileReference; includeInIndex = 1; lastKnownFileType = text.xcconfig; name = "Pods-FindCVS.debug.xcconfig"; path = "Target Support Files/Pods-FindCVS/Pods-FindCVS.debug.xcconfig"; sourceTree = "<group>"; };
		7D331D4827003AB1003BF547 /* FindCVS.app */ = {isa = PBXFileReference; explicitFileType = wrapper.application; includeInIndex = 0; path = FindCVS.app; sourceTree = BUILT_PRODUCTS_DIR; };
		7D331D4B27003AB1003BF547 /* AppDelegate.swift */ = {isa = PBXFileReference; lastKnownFileType = sourcecode.swift; path = AppDelegate.swift; sourceTree = "<group>"; };
		7D331D4D27003AB1003BF547 /* SceneDelegate.swift */ = {isa = PBXFileReference; lastKnownFileType = sourcecode.swift; path = SceneDelegate.swift; sourceTree = "<group>"; };
		7D331D5427003AB3003BF547 /* Assets.xcassets */ = {isa = PBXFileReference; lastKnownFileType = folder.assetcatalog; path = Assets.xcassets; sourceTree = "<group>"; };
		7D331D5727003AB3003BF547 /* Base */ = {isa = PBXFileReference; lastKnownFileType = file.storyboard; name = Base; path = Base.lproj/LaunchScreen.storyboard; sourceTree = "<group>"; };
		7D331D5927003AB3003BF547 /* Info.plist */ = {isa = PBXFileReference; lastKnownFileType = text.plist.xml; path = Info.plist; sourceTree = "<group>"; };
		7D331D6227003C72003BF547 /* OpenGLES.framework */ = {isa = PBXFileReference; lastKnownFileType = wrapper.framework; name = OpenGLES.framework; path = System/Library/Frameworks/OpenGLES.framework; sourceTree = SDKROOT; };
		7D331D6427003C7C003BF547 /* SystemConfiguration.framework */ = {isa = PBXFileReference; lastKnownFileType = wrapper.framework; name = SystemConfiguration.framework; path = System/Library/Frameworks/SystemConfiguration.framework; sourceTree = SDKROOT; };
		7D331D6627003C85003BF547 /* CoreLocation.framework */ = {isa = PBXFileReference; lastKnownFileType = wrapper.framework; name = CoreLocation.framework; path = System/Library/Frameworks/CoreLocation.framework; sourceTree = SDKROOT; };
		7D331D6827003C8C003BF547 /* QuartzCore.framework */ = {isa = PBXFileReference; lastKnownFileType = wrapper.framework; name = QuartzCore.framework; path = System/Library/Frameworks/QuartzCore.framework; sourceTree = SDKROOT; };
		7D331D6A27003CA9003BF547 /* libc++.tbd */ = {isa = PBXFileReference; lastKnownFileType = "sourcecode.text-based-dylib-definition"; name = "libc++.tbd"; path = "usr/lib/libc++.tbd"; sourceTree = SDKROOT; };
		7D331D6C27003CB0003BF547 /* libxml2.tbd */ = {isa = PBXFileReference; lastKnownFileType = "sourcecode.text-based-dylib-definition"; name = libxml2.tbd; path = usr/lib/libxml2.tbd; sourceTree = SDKROOT; };
		7D331D6E27003CB8003BF547 /* libsqlite3.tbd */ = {isa = PBXFileReference; lastKnownFileType = "sourcecode.text-based-dylib-definition"; name = libsqlite3.tbd; path = usr/lib/libsqlite3.tbd; sourceTree = SDKROOT; };
		7D331DFA270041D1003BF547 /* BridgingHeader.h */ = {isa = PBXFileReference; lastKnownFileType = sourcecode.c.h; path = BridgingHeader.h; sourceTree = "<group>"; };
		7D331E022700430F003BF547 /* LocationData.swift */ = {isa = PBXFileReference; lastKnownFileType = sourcecode.swift; path = LocationData.swift; sourceTree = "<group>"; };
		7D331E0527004353003BF547 /* KLDocument.swift */ = {isa = PBXFileReference; lastKnownFileType = sourcecode.swift; path = KLDocument.swift; sourceTree = "<group>"; };
		7D331E0727004406003BF547 /* DetailListCellData.swift */ = {isa = PBXFileReference; lastKnownFileType = sourcecode.swift; path = DetailListCellData.swift; sourceTree = "<group>"; };
		7D331E09270046C2003BF547 /* LocationInformationViewController.swift */ = {isa = PBXFileReference; lastKnownFileType = sourcecode.swift; path = LocationInformationViewController.swift; sourceTree = "<group>"; };
		7D331E0C270046ED003BF547 /* LocationInformationViewModel.swift */ = {isa = PBXFileReference; lastKnownFileType = sourcecode.swift; path = LocationInformationViewModel.swift; sourceTree = "<group>"; };
		7D331E1C27004B62003BF547 /* MTMapViewError.swift */ = {isa = PBXFileReference; lastKnownFileType = sourcecode.swift; path = MTMapViewError.swift; sourceTree = "<group>"; };
		7D331E1E27004EC5003BF547 /* DetailListCell.swift */ = {isa = PBXFileReference; lastKnownFileType = sourcecode.swift; path = DetailListCell.swift; sourceTree = "<group>"; };
		7D331E2027004FEB003BF547 /* DetailListBackgroundView.swift */ = {isa = PBXFileReference; lastKnownFileType = sourcecode.swift; path = DetailListBackgroundView.swift; sourceTree = "<group>"; };
		7D331E2227004FF8003BF547 /* DetailListBackgroundViewModel.swift */ = {isa = PBXFileReference; lastKnownFileType = sourcecode.swift; path = DetailListBackgroundViewModel.swift; sourceTree = "<group>"; };
		7D331E242700567C003BF547 /* LocalAPI.swift */ = {isa = PBXFileReference; lastKnownFileType = sourcecode.swift; path = LocalAPI.swift; sourceTree = "<group>"; };
		7D331E272700577A003BF547 /* LocalNetwork.swift */ = {isa = PBXFileReference; lastKnownFileType = sourcecode.swift; path = LocalNetwork.swift; sourceTree = "<group>"; };
		7D331E29270058A3003BF547 /* LocationInformationModel.swift */ = {isa = PBXFileReference; lastKnownFileType = sourcecode.swift; path = LocationInformationModel.swift; sourceTree = "<group>"; };
		7D331F542700637B003BF547 /* map_pinup_custom@3x.png */ = {isa = PBXFileReference; lastKnownFileType = image.png; path = "map_pinup_custom@3x.png"; sourceTree = "<group>"; };
		7D331F552700637B003BF547 /* map_pin_custom.png */ = {isa = PBXFileReference; lastKnownFileType = image.png; path = map_pin_custom.png; sourceTree = "<group>"; };
		7D331F562700637B003BF547 /* shadow_balloon.png */ = {isa = PBXFileReference; lastKnownFileType = image.png; path = shadow_balloon.png; sourceTree = "<group>"; };
		7D331F572700637B003BF547 /* map_pinup.png */ = {isa = PBXFileReference; lastKnownFileType = image.png; path = map_pinup.png; sourceTree = "<group>"; };
		7D331F582700637B003BF547 /* detail_button.png */ = {isa = PBXFileReference; lastKnownFileType = image.png; path = detail_button.png; sourceTree = "<group>"; };
		7D331F592700637B003BF547 /* map_pin_custom@3x.png */ = {isa = PBXFileReference; lastKnownFileType = image.png; path = "map_pin_custom@3x.png"; sourceTree = "<group>"; };
		7D331F5A2700637B003BF547 /* map_pinup@3x.png */ = {isa = PBXFileReference; lastKnownFileType = image.png; path = "map_pinup@3x.png"; sourceTree = "<group>"; };
		7D331F5B2700637B003BF547 /* map_pin_shadow@3x.png */ = {isa = PBXFileReference; lastKnownFileType = image.png; path = "map_pin_shadow@3x.png"; sourceTree = "<group>"; };
		7D331F5C2700637B003BF547 /* copyright.png */ = {isa = PBXFileReference; lastKnownFileType = image.png; path = copyright.png; sourceTree = "<group>"; };
		7D331F5D2700637B003BF547 /* th_line.png */ = {isa = PBXFileReference; lastKnownFileType = image.png; path = th_line.png; sourceTree = "<group>"; };
		7D331F5E2700637B003BF547 /* map_pin_red@3x.png */ = {isa = PBXFileReference; lastKnownFileType = image.png; path = "map_pin_red@3x.png"; sourceTree = "<group>"; };
		7D331F5F2700637B003BF547 /* daum_copyright.png */ = {isa = PBXFileReference; lastKnownFileType = image.png; path = daum_copyright.png; sourceTree = "<group>"; };
		7D331F602700637B003BF547 /* map_pin@3x.png */ = {isa = PBXFileReference; lastKnownFileType = image.png; path = "map_pin@3x.png"; sourceTree = "<group>"; };
		7D331F612700637B003BF547 /* map_present_tracking.png */ = {isa = PBXFileReference; lastKnownFileType = image.png; path = map_present_tracking.png; sourceTree = "<group>"; };
		7D331F622700637B003BF547 /* map_pin_red.png */ = {isa = PBXFileReference; lastKnownFileType = image.png; path = map_pin_red.png; sourceTree = "<group>"; };
		7D331F642700637B003BF547 /* MTMapPOIItem.h */ = {isa = PBXFileReference; fileEncoding = 4; lastKnownFileType = sourcecode.c.h; path = MTMapPOIItem.h; sourceTree = "<group>"; };
		7D331F652700637B003BF547 /* MTMapCameraUpdate.h */ = {isa = PBXFileReference; fileEncoding = 4; lastKnownFileType = sourcecode.c.h; path = MTMapCameraUpdate.h; sourceTree = "<group>"; };
		7D331F662700637B003BF547 /* MTMapReverseGeoCoder.h */ = {isa = PBXFileReference; fileEncoding = 4; lastKnownFileType = sourcecode.c.h; path = MTMapReverseGeoCoder.h; sourceTree = "<group>"; };
		7D331F672700637B003BF547 /* MTMapPolyline.h */ = {isa = PBXFileReference; fileEncoding = 4; lastKnownFileType = sourcecode.c.h; path = MTMapPolyline.h; sourceTree = "<group>"; };
		7D331F682700637B003BF547 /* MTMapLocationMarkerItem.h */ = {isa = PBXFileReference; fileEncoding = 4; lastKnownFileType = sourcecode.c.h; path = MTMapLocationMarkerItem.h; sourceTree = "<group>"; };
		7D331F692700637B003BF547 /* MTMapView.h */ = {isa = PBXFileReference; fileEncoding = 4; lastKnownFileType = sourcecode.c.h; path = MTMapView.h; sourceTree = "<group>"; };
		7D331F6A2700637B003BF547 /* MTMapGeometry.h */ = {isa = PBXFileReference; fileEncoding = 4; lastKnownFileType = sourcecode.c.h; path = MTMapGeometry.h; sourceTree = "<group>"; };
		7D331F6B2700637B003BF547 /* MTMapCircle.h */ = {isa = PBXFileReference; fileEncoding = 4; lastKnownFileType = sourcecode.c.h; path = MTMapCircle.h; sourceTree = "<group>"; };
		7D331F6C2700637B003BF547 /* info_box.png */ = {isa = PBXFileReference; lastKnownFileType = image.png; path = info_box.png; sourceTree = "<group>"; };
		7D331F6D2700637B003BF547 /* point_sprite.png */ = {isa = PBXFileReference; lastKnownFileType = image.png; path = point_sprite.png; sourceTree = "<group>"; };
		7D331F6E2700637B003BF547 /* map_pinup_custom.png */ = {isa = PBXFileReference; lastKnownFileType = image.png; path = map_pinup_custom.png; sourceTree = "<group>"; };
		7D331F6F2700637B003BF547 /* info_box_tail.png */ = {isa = PBXFileReference; lastKnownFileType = image.png; path = info_box_tail.png; sourceTree = "<group>"; };
		7D331F702700637B003BF547 /* noimage256.png */ = {isa = PBXFileReference; lastKnownFileType = image.png; path = noimage256.png; sourceTree = "<group>"; };
		7D331F712700637B003BF547 /* map_present_direction.png */ = {isa = PBXFileReference; lastKnownFileType = image.png; path = map_present_direction.png; sourceTree = "<group>"; };
		7D331F722700637B003BF547 /* map_pin.png */ = {isa = PBXFileReference; lastKnownFileType = image.png; path = map_pin.png; sourceTree = "<group>"; };
		7D331F732700637B003BF547 /* map_present.png */ = {isa = PBXFileReference; lastKnownFileType = image.png; path = map_present.png; sourceTree = "<group>"; };
		7D331F742700637B003BF547 /* noimage.png */ = {isa = PBXFileReference; lastKnownFileType = image.png; path = noimage.png; sourceTree = "<group>"; };
		7D331F752700637B003BF547 /* map_present_background_update.png */ = {isa = PBXFileReference; lastKnownFileType = image.png; path = map_present_background_update.png; sourceTree = "<group>"; };
		7D331F762700637B003BF547 /* daum_th_line.png */ = {isa = PBXFileReference; lastKnownFileType = image.png; path = daum_th_line.png; sourceTree = "<group>"; };
		7D331F772700637B003BF547 /* map_pin_shadow.png */ = {isa = PBXFileReference; lastKnownFileType = image.png; path = map_pin_shadow.png; sourceTree = "<group>"; };
		7D331F782700637B003BF547 /* DaumMap.framework */ = {isa = PBXFileReference; lastKnownFileType = wrapper.framework; path = DaumMap.framework; sourceTree = "<group>"; };
		7DA2D79F2700734E002B7663 /* FindCVSTests.xctest */ = {isa = PBXFileReference; explicitFileType = wrapper.cfbundle; includeInIndex = 0; path = FindCVSTests.xctest; sourceTree = BUILT_PRODUCTS_DIR; };
		7DA2D7A32700734E002B7663 /* Info.plist */ = {isa = PBXFileReference; lastKnownFileType = text.plist.xml; path = Info.plist; sourceTree = "<group>"; };
		7DA2D7A92700737C002B7663 /* LocalNetworkStub.swift */ = {isa = PBXFileReference; lastKnownFileType = sourcecode.swift; path = LocalNetworkStub.swift; sourceTree = "<group>"; };
		7DA2D7AB2700746C002B7663 /* networkDummy.json */ = {isa = PBXFileReference; lastKnownFileType = text.json; path = networkDummy.json; sourceTree = "<group>"; };
		7DA2D7AD270074BC002B7663 /* Dummy.swift */ = {isa = PBXFileReference; lastKnownFileType = sourcecode.swift; path = Dummy.swift; sourceTree = "<group>"; };
		7DA2D7B1270075C3002B7663 /* LocationInformationModelTests.swift */ = {isa = PBXFileReference; lastKnownFileType = sourcecode.swift; path = LocationInformationModelTests.swift; sourceTree = "<group>"; };
		7DA2D7B32700792C002B7663 /* LocationInformationViewModelTests.swift */ = {isa = PBXFileReference; lastKnownFileType = sourcecode.swift; path = LocationInformationViewModelTests.swift; sourceTree = "<group>"; };
		A68441B6918A05E650022C59 /* Pods-FindCVSTests.release.xcconfig */ = {isa = PBXFileReference; includeInIndex = 1; lastKnownFileType = text.xcconfig; name = "Pods-FindCVSTests.release.xcconfig"; path = "Target Support Files/Pods-FindCVSTests/Pods-FindCVSTests.release.xcconfig"; sourceTree = "<group>"; };
		B0B2CDD912FA61C124477E32 /* Pods_FindCVSTests.framework */ = {isa = PBXFileReference; explicitFileType = wrapper.framework; includeInIndex = 0; path = Pods_FindCVSTests.framework; sourceTree = BUILT_PRODUCTS_DIR; };
		B7F23C3B281DD63960395E2D /* Pods_FindCVS.framework */ = {isa = PBXFileReference; explicitFileType = wrapper.framework; includeInIndex = 0; path = Pods_FindCVS.framework; sourceTree = BUILT_PRODUCTS_DIR; };
/* End PBXFileReference section */

/* Begin PBXFrameworksBuildPhase section */
		7D331D4527003AB1003BF547 /* Frameworks */ = {
			isa = PBXFrameworksBuildPhase;
			buildActionMask = 2147483647;
			files = (
				7D331E0127004264003BF547 /* libsqlite3.tbd in Frameworks */,
				7D331E002700425F003BF547 /* libxml2.tbd in Frameworks */,
				7D331DFF27004259003BF547 /* libc++.tbd in Frameworks */,
				7D331DFE27004254003BF547 /* QuartzCore.framework in Frameworks */,
				7D331DFD2700424C003BF547 /* CoreLocation.framework in Frameworks */,
				7D331DFC27004245003BF547 /* SystemConfiguration.framework in Frameworks */,
				7D331DFB2700423E003BF547 /* OpenGLES.framework in Frameworks */,
				7D331FAF2700637C003BF547 /* DaumMap.framework in Frameworks */,
				D0B11FC12700B9C610BB06D5 /* Pods_FindCVS.framework in Frameworks */,
			);
			runOnlyForDeploymentPostprocessing = 0;
		};
		7DA2D79C2700734E002B7663 /* Frameworks */ = {
			isa = PBXFrameworksBuildPhase;
			buildActionMask = 2147483647;
			files = (
				44A726A7DC5C8EE47E9B8463 /* Pods_FindCVSTests.framework in Frameworks */,
			);
			runOnlyForDeploymentPostprocessing = 0;
		};
/* End PBXFrameworksBuildPhase section */

/* Begin PBXGroup section */
		5DB696B9E8C52E32018C8DC1 /* Pods */ = {
			isa = PBXGroup;
			children = (
				7A75EC744EF000C7C238B65D /* Pods-FindCVS.debug.xcconfig */,
				44F12848095DEFFD4A3DAC50 /* Pods-FindCVS.release.xcconfig */,
				42A4BBABBC9623E59B00835F /* Pods-FindCVSTests.debug.xcconfig */,
				A68441B6918A05E650022C59 /* Pods-FindCVSTests.release.xcconfig */,
			);
			path = Pods;
			sourceTree = "<group>";
		};
		7D331D3F27003AB1003BF547 = {
			isa = PBXGroup;
			children = (
				7D331D4A27003AB1003BF547 /* FindCVS */,
				7DA2D7A02700734E002B7663 /* FindCVSTests */,
				7D331D4927003AB1003BF547 /* Products */,
				7D331D6127003C72003BF547 /* Frameworks */,
				5DB696B9E8C52E32018C8DC1 /* Pods */,
			);
			sourceTree = "<group>";
		};
		7D331D4927003AB1003BF547 /* Products */ = {
			isa = PBXGroup;
			children = (
				7D331D4827003AB1003BF547 /* FindCVS.app */,
				7DA2D79F2700734E002B7663 /* FindCVSTests.xctest */,
			);
			name = Products;
			sourceTree = "<group>";
		};
		7D331D4A27003AB1003BF547 /* FindCVS */ = {
			isa = PBXGroup;
			children = (
				7D331DFA270041D1003BF547 /* BridgingHeader.h */,
				7D331D4B27003AB1003BF547 /* AppDelegate.swift */,
				7D331D4D27003AB1003BF547 /* SceneDelegate.swift */,
				7D331E2627005681003BF547 /* Network */,
				7D331E0B270046C5003BF547 /* Presentation */,
				7D331E0427004317003BF547 /* Entities */,
				7D331D5427003AB3003BF547 /* Assets.xcassets */,
				7D331D5627003AB3003BF547 /* LaunchScreen.storyboard */,
				7D331D5927003AB3003BF547 /* Info.plist */,
			);
			path = FindCVS;
			sourceTree = "<group>";
		};
		7D331D6127003C72003BF547 /* Frameworks */ = {
			isa = PBXGroup;
			children = (
				7D331F522700637B003BF547 /* DaumMap.embeddedframework */,
				7D331D6E27003CB8003BF547 /* libsqlite3.tbd */,
				7D331D6C27003CB0003BF547 /* libxml2.tbd */,
				7D331D6A27003CA9003BF547 /* libc++.tbd */,
				7D331D6827003C8C003BF547 /* QuartzCore.framework */,
				7D331D6627003C85003BF547 /* CoreLocation.framework */,
				7D331D6427003C7C003BF547 /* SystemConfiguration.framework */,
				7D331D6227003C72003BF547 /* OpenGLES.framework */,
				B7F23C3B281DD63960395E2D /* Pods_FindCVS.framework */,
				B0B2CDD912FA61C124477E32 /* Pods_FindCVSTests.framework */,
			);
			name = Frameworks;
			sourceTree = "<group>";
		};
		7D331E0427004317003BF547 /* Entities */ = {
			isa = PBXGroup;
			children = (
				7D331E022700430F003BF547 /* LocationData.swift */,
				7D331E0527004353003BF547 /* KLDocument.swift */,
				7D331E0727004406003BF547 /* DetailListCellData.swift */,
				7D331E1C27004B62003BF547 /* MTMapViewError.swift */,
			);
			path = Entities;
			sourceTree = "<group>";
		};
		7D331E0B270046C5003BF547 /* Presentation */ = {
			isa = PBXGroup;
			children = (
				7D331E2B270058A8003BF547 /* LocationInfo */,
				7D331E1E27004EC5003BF547 /* DetailListCell.swift */,
				7D331E2027004FEB003BF547 /* DetailListBackgroundView.swift */,
				7D331E2227004FF8003BF547 /* DetailListBackgroundViewModel.swift */,
			);
			path = Presentation;
			sourceTree = "<group>";
		};
		7D331E2627005681003BF547 /* Network */ = {
			isa = PBXGroup;
			children = (
				7D331E242700567C003BF547 /* LocalAPI.swift */,
				7D331E272700577A003BF547 /* LocalNetwork.swift */,
			);
			path = Network;
			sourceTree = "<group>";
		};
		7D331E2B270058A8003BF547 /* LocationInfo */ = {
			isa = PBXGroup;
			children = (
				7D331E09270046C2003BF547 /* LocationInformationViewController.swift */,
				7D331E29270058A3003BF547 /* LocationInformationModel.swift */,
				7D331E0C270046ED003BF547 /* LocationInformationViewModel.swift */,
			);
			path = LocationInfo;
			sourceTree = "<group>";
		};
		7D331F522700637B003BF547 /* DaumMap.embeddedframework */ = {
			isa = PBXGroup;
			children = (
				7D331F532700637B003BF547 /* Resources */,
				7D331F782700637B003BF547 /* DaumMap.framework */,
			);
			path = DaumMap.embeddedframework;
			sourceTree = "<group>";
		};
		7D331F532700637B003BF547 /* Resources */ = {
			isa = PBXGroup;
			children = (
				7D331F542700637B003BF547 /* map_pinup_custom@3x.png */,
				7D331F552700637B003BF547 /* map_pin_custom.png */,
				7D331F562700637B003BF547 /* shadow_balloon.png */,
				7D331F572700637B003BF547 /* map_pinup.png */,
				7D331F582700637B003BF547 /* detail_button.png */,
				7D331F592700637B003BF547 /* map_pin_custom@3x.png */,
				7D331F5A2700637B003BF547 /* map_pinup@3x.png */,
				7D331F5B2700637B003BF547 /* map_pin_shadow@3x.png */,
				7D331F5C2700637B003BF547 /* copyright.png */,
				7D331F5D2700637B003BF547 /* th_line.png */,
				7D331F5E2700637B003BF547 /* map_pin_red@3x.png */,
				7D331F5F2700637B003BF547 /* daum_copyright.png */,
				7D331F602700637B003BF547 /* map_pin@3x.png */,
				7D331F612700637B003BF547 /* map_present_tracking.png */,
				7D331F622700637B003BF547 /* map_pin_red.png */,
				7D331F632700637B003BF547 /* Headers */,
				7D331F6C2700637B003BF547 /* info_box.png */,
				7D331F6D2700637B003BF547 /* point_sprite.png */,
				7D331F6E2700637B003BF547 /* map_pinup_custom.png */,
				7D331F6F2700637B003BF547 /* info_box_tail.png */,
				7D331F702700637B003BF547 /* noimage256.png */,
				7D331F712700637B003BF547 /* map_present_direction.png */,
				7D331F722700637B003BF547 /* map_pin.png */,
				7D331F732700637B003BF547 /* map_present.png */,
				7D331F742700637B003BF547 /* noimage.png */,
				7D331F752700637B003BF547 /* map_present_background_update.png */,
				7D331F762700637B003BF547 /* daum_th_line.png */,
				7D331F772700637B003BF547 /* map_pin_shadow.png */,
			);
			path = Resources;
			sourceTree = "<group>";
		};
		7D331F632700637B003BF547 /* Headers */ = {
			isa = PBXGroup;
			children = (
				7D331F642700637B003BF547 /* MTMapPOIItem.h */,
				7D331F652700637B003BF547 /* MTMapCameraUpdate.h */,
				7D331F662700637B003BF547 /* MTMapReverseGeoCoder.h */,
				7D331F672700637B003BF547 /* MTMapPolyline.h */,
				7D331F682700637B003BF547 /* MTMapLocationMarkerItem.h */,
				7D331F692700637B003BF547 /* MTMapView.h */,
				7D331F6A2700637B003BF547 /* MTMapGeometry.h */,
				7D331F6B2700637B003BF547 /* MTMapCircle.h */,
			);
			path = Headers;
			sourceTree = "<group>";
		};
		7DA2D7A02700734E002B7663 /* FindCVSTests */ = {
			isa = PBXGroup;
			children = (
				7DA2D7A32700734E002B7663 /* Info.plist */,
				7DA2D7A92700737C002B7663 /* LocalNetworkStub.swift */,
				7DA2D7AD270074BC002B7663 /* Dummy.swift */,
				7DA2D7B1270075C3002B7663 /* LocationInformationModelTests.swift */,
				7DA2D7B32700792C002B7663 /* LocationInformationViewModelTests.swift */,
				7DA2D7AB2700746C002B7663 /* networkDummy.json */,
			);
			path = FindCVSTests;
			sourceTree = "<group>";
		};
/* End PBXGroup section */

/* Begin PBXNativeTarget section */
		7D331D4727003AB1003BF547 /* FindCVS */ = {
			isa = PBXNativeTarget;
			buildConfigurationList = 7D331D5C27003AB3003BF547 /* Build configuration list for PBXNativeTarget "FindCVS" */;
			buildPhases = (
				17F28BF0FB740EBB798AD810 /* [CP] Check Pods Manifest.lock */,
				7D331D4427003AB1003BF547 /* Sources */,
				7D331D4527003AB1003BF547 /* Frameworks */,
				7D331D4627003AB1003BF547 /* Resources */,
				4FE18117D3E5BE9FCFD53DC0 /* [CP] Embed Pods Frameworks */,
			);
			buildRules = (
			);
			dependencies = (
			);
			name = FindCVS;
			productName = FindCVS;
			productReference = 7D331D4827003AB1003BF547 /* FindCVS.app */;
			productType = "com.apple.product-type.application";
		};
		7DA2D79E2700734E002B7663 /* FindCVSTests */ = {
			isa = PBXNativeTarget;
			buildConfigurationList = 7DA2D7A62700734E002B7663 /* Build configuration list for PBXNativeTarget "FindCVSTests" */;
			buildPhases = (
				7AA0A43ACCD51772C223F3CC /* [CP] Check Pods Manifest.lock */,
				7DA2D79B2700734E002B7663 /* Sources */,
				7DA2D79C2700734E002B7663 /* Frameworks */,
				7DA2D79D2700734E002B7663 /* Resources */,
				9A044FDA184CE1203605C607 /* [CP] Embed Pods Frameworks */,
			);
			buildRules = (
			);
			dependencies = (
				7DA2D7A52700734E002B7663 /* PBXTargetDependency */,
			);
			name = FindCVSTests;
			productName = FindCVSTests;
			productReference = 7DA2D79F2700734E002B7663 /* FindCVSTests.xctest */;
			productType = "com.apple.product-type.bundle.unit-test";
		};
/* End PBXNativeTarget section */

/* Begin PBXProject section */
		7D331D4027003AB1003BF547 /* Project object */ = {
			isa = PBXProject;
			attributes = {
				LastSwiftUpdateCheck = 1250;
				LastUpgradeCheck = 1250;
				TargetAttributes = {
					7D331D4727003AB1003BF547 = {
						CreatedOnToolsVersion = 12.5.1;
					};
					7DA2D79E2700734E002B7663 = {
						CreatedOnToolsVersion = 12.5.1;
						LastSwiftMigration = 1250;
						TestTargetID = 7D331D4727003AB1003BF547;
					};
				};
			};
			buildConfigurationList = 7D331D4327003AB1003BF547 /* Build configuration list for PBXProject "FindCVS" */;
			compatibilityVersion = "Xcode 9.3";
			developmentRegion = en;
			hasScannedForEncodings = 0;
			knownRegions = (
				en,
				Base,
			);
			mainGroup = 7D331D3F27003AB1003BF547;
			productRefGroup = 7D331D4927003AB1003BF547 /* Products */;
			projectDirPath = "";
			projectRoot = "";
			targets = (
				7D331D4727003AB1003BF547 /* FindCVS */,
				7DA2D79E2700734E002B7663 /* FindCVSTests */,
			);
		};
/* End PBXProject section */

/* Begin PBXResourcesBuildPhase section */
		7D331D4627003AB1003BF547 /* Resources */ = {
			isa = PBXResourcesBuildPhase;
			buildActionMask = 2147483647;
			files = (
				7D331F9D2700637C003BF547 /* info_box_tail.png in Resources */,
				7D331F872700637B003BF547 /* map_pin_shadow@3x.png in Resources */,
				7D331FA32700637C003BF547 /* map_pin.png in Resources */,
				7D331F952700637C003BF547 /* map_pin_red.png in Resources */,
				7D331F852700637B003BF547 /* map_pinup@3x.png in Resources */,
				7D331F992700637C003BF547 /* point_sprite.png in Resources */,
				7D331F912700637B003BF547 /* map_pin@3x.png in Resources */,
				7D331F9F2700637C003BF547 /* noimage256.png in Resources */,
				7D331FA52700637C003BF547 /* map_present.png in Resources */,
				7D331F8F2700637B003BF547 /* daum_copyright.png in Resources */,
				7D331F892700637B003BF547 /* copyright.png in Resources */,
				7D331F7D2700637B003BF547 /* shadow_balloon.png in Resources */,
				7D331F832700637B003BF547 /* map_pin_custom@3x.png in Resources */,
				7D331F8B2700637B003BF547 /* th_line.png in Resources */,
				7D331F9B2700637C003BF547 /* map_pinup_custom.png in Resources */,
				7D331D5827003AB3003BF547 /* LaunchScreen.storyboard in Resources */,
				7D331FAB2700637C003BF547 /* daum_th_line.png in Resources */,
				7D331F792700637B003BF547 /* map_pinup_custom@3x.png in Resources */,
				7D331D5527003AB3003BF547 /* Assets.xcassets in Resources */,
				7D331F932700637B003BF547 /* map_present_tracking.png in Resources */,
				7D331FAD2700637C003BF547 /* map_pin_shadow.png in Resources */,
				7D331FA12700637C003BF547 /* map_present_direction.png in Resources */,
				7D331FA92700637C003BF547 /* map_present_background_update.png in Resources */,
				7D331F812700637B003BF547 /* detail_button.png in Resources */,
				7D331F8D2700637B003BF547 /* map_pin_red@3x.png in Resources */,
				7D331FA72700637C003BF547 /* noimage.png in Resources */,
				7D331F972700637C003BF547 /* info_box.png in Resources */,
				7D331F7B2700637B003BF547 /* map_pin_custom.png in Resources */,
				7D331F7F2700637B003BF547 /* map_pinup.png in Resources */,
			);
			runOnlyForDeploymentPostprocessing = 0;
		};
		7DA2D79D2700734E002B7663 /* Resources */ = {
			isa = PBXResourcesBuildPhase;
			buildActionMask = 2147483647;
			files = (
				7DA2D7AC2700746C002B7663 /* networkDummy.json in Resources */,
			);
			runOnlyForDeploymentPostprocessing = 0;
		};
/* End PBXResourcesBuildPhase section */

/* Begin PBXShellScriptBuildPhase section */
		17F28BF0FB740EBB798AD810 /* [CP] Check Pods Manifest.lock */ = {
			isa = PBXShellScriptBuildPhase;
			buildActionMask = 2147483647;
			files = (
			);
			inputFileListPaths = (
			);
			inputPaths = (
				"${PODS_PODFILE_DIR_PATH}/Podfile.lock",
				"${PODS_ROOT}/Manifest.lock",
			);
			name = "[CP] Check Pods Manifest.lock";
			outputFileListPaths = (
			);
			outputPaths = (
				"$(DERIVED_FILE_DIR)/Pods-FindCVS-checkManifestLockResult.txt",
			);
			runOnlyForDeploymentPostprocessing = 0;
			shellPath = /bin/sh;
			shellScript = "diff \"${PODS_PODFILE_DIR_PATH}/Podfile.lock\" \"${PODS_ROOT}/Manifest.lock\" > /dev/null\nif [ $? != 0 ] ; then\n    # print error to STDERR\n    echo \"error: The sandbox is not in sync with the Podfile.lock. Run 'pod install' or update your CocoaPods installation.\" >&2\n    exit 1\nfi\n# This output is used by Xcode 'outputs' to avoid re-running this script phase.\necho \"SUCCESS\" > \"${SCRIPT_OUTPUT_FILE_0}\"\n";
			showEnvVarsInLog = 0;
		};
		4FE18117D3E5BE9FCFD53DC0 /* [CP] Embed Pods Frameworks */ = {
			isa = PBXShellScriptBuildPhase;
			buildActionMask = 2147483647;
			files = (
			);
			inputFileListPaths = (
				"${PODS_ROOT}/Target Support Files/Pods-FindCVS/Pods-FindCVS-frameworks-${CONFIGURATION}-input-files.xcfilelist",
			);
			inputPaths = (
			);
			name = "[CP] Embed Pods Frameworks";
			outputFileListPaths = (
				"${PODS_ROOT}/Target Support Files/Pods-FindCVS/Pods-FindCVS-frameworks-${CONFIGURATION}-output-files.xcfilelist",
			);
			outputPaths = (
			);
			runOnlyForDeploymentPostprocessing = 0;
			shellPath = /bin/sh;
			shellScript = "\"${PODS_ROOT}/Target Support Files/Pods-FindCVS/Pods-FindCVS-frameworks.sh\"\n";
			showEnvVarsInLog = 0;
		};
		7AA0A43ACCD51772C223F3CC /* [CP] Check Pods Manifest.lock */ = {
			isa = PBXShellScriptBuildPhase;
			buildActionMask = 2147483647;
			files = (
			);
			inputFileListPaths = (
			);
			inputPaths = (
				"${PODS_PODFILE_DIR_PATH}/Podfile.lock",
				"${PODS_ROOT}/Manifest.lock",
			);
			name = "[CP] Check Pods Manifest.lock";
			outputFileListPaths = (
			);
			outputPaths = (
				"$(DERIVED_FILE_DIR)/Pods-FindCVSTests-checkManifestLockResult.txt",
			);
			runOnlyForDeploymentPostprocessing = 0;
			shellPath = /bin/sh;
			shellScript = "diff \"${PODS_PODFILE_DIR_PATH}/Podfile.lock\" \"${PODS_ROOT}/Manifest.lock\" > /dev/null\nif [ $? != 0 ] ; then\n    # print error to STDERR\n    echo \"error: The sandbox is not in sync with the Podfile.lock. Run 'pod install' or update your CocoaPods installation.\" >&2\n    exit 1\nfi\n# This output is used by Xcode 'outputs' to avoid re-running this script phase.\necho \"SUCCESS\" > \"${SCRIPT_OUTPUT_FILE_0}\"\n";
			showEnvVarsInLog = 0;
		};
		9A044FDA184CE1203605C607 /* [CP] Embed Pods Frameworks */ = {
			isa = PBXShellScriptBuildPhase;
			buildActionMask = 2147483647;
			files = (
			);
			inputFileListPaths = (
				"${PODS_ROOT}/Target Support Files/Pods-FindCVSTests/Pods-FindCVSTests-frameworks-${CONFIGURATION}-input-files.xcfilelist",
			);
			inputPaths = (
			);
			name = "[CP] Embed Pods Frameworks";
			outputFileListPaths = (
				"${PODS_ROOT}/Target Support Files/Pods-FindCVSTests/Pods-FindCVSTests-frameworks-${CONFIGURATION}-output-files.xcfilelist",
			);
			outputPaths = (
			);
			runOnlyForDeploymentPostprocessing = 0;
			shellPath = /bin/sh;
			shellScript = "\"${PODS_ROOT}/Target Support Files/Pods-FindCVSTests/Pods-FindCVSTests-frameworks.sh\"\n";
			showEnvVarsInLog = 0;
		};
/* End PBXShellScriptBuildPhase section */

/* Begin PBXSourcesBuildPhase section */
		7D331D4427003AB1003BF547 /* Sources */ = {
			isa = PBXSourcesBuildPhase;
			buildActionMask = 2147483647;
			files = (
				7D331E032700430F003BF547 /* LocationData.swift in Sources */,
				7D331E2127004FEB003BF547 /* DetailListBackgroundView.swift in Sources */,
				7D331E2327004FF8003BF547 /* DetailListBackgroundViewModel.swift in Sources */,
				7D331E0627004353003BF547 /* KLDocument.swift in Sources */,
				7D331E282700577A003BF547 /* LocalNetwork.swift in Sources */,
				7D331E0A270046C2003BF547 /* LocationInformationViewController.swift in Sources */,
				7D331E1D27004B62003BF547 /* MTMapViewError.swift in Sources */,
				7D331E252700567C003BF547 /* LocalAPI.swift in Sources */,
				7D331E1F27004EC5003BF547 /* DetailListCell.swift in Sources */,
				7D331D4C27003AB1003BF547 /* AppDelegate.swift in Sources */,
				7D331E0827004406003BF547 /* DetailListCellData.swift in Sources */,
				7D331E2A270058A3003BF547 /* LocationInformationModel.swift in Sources */,
				7D331D4E27003AB1003BF547 /* SceneDelegate.swift in Sources */,
				7D331E0D270046ED003BF547 /* LocationInformationViewModel.swift in Sources */,
			);
			runOnlyForDeploymentPostprocessing = 0;
		};
		7DA2D79B2700734E002B7663 /* Sources */ = {
			isa = PBXSourcesBuildPhase;
			buildActionMask = 2147483647;
			files = (
				7DA2D7B42700792C002B7663 /* LocationInformationViewModelTests.swift in Sources */,
				7DA2D7AE270074BC002B7663 /* Dummy.swift in Sources */,
				7DA2D7AA2700737C002B7663 /* LocalNetworkStub.swift in Sources */,
				7DA2D7B2270075C3002B7663 /* LocationInformationModelTests.swift in Sources */,
			);
			runOnlyForDeploymentPostprocessing = 0;
		};
/* End PBXSourcesBuildPhase section */

/* Begin PBXTargetDependency section */
		7DA2D7A52700734E002B7663 /* PBXTargetDependency */ = {
			isa = PBXTargetDependency;
			target = 7D331D4727003AB1003BF547 /* FindCVS */;
			targetProxy = 7DA2D7A42700734E002B7663 /* PBXContainerItemProxy */;
		};
/* End PBXTargetDependency section */

/* Begin PBXVariantGroup section */
		7D331D5627003AB3003BF547 /* LaunchScreen.storyboard */ = {
			isa = PBXVariantGroup;
			children = (
				7D331D5727003AB3003BF547 /* Base */,
			);
			name = LaunchScreen.storyboard;
			sourceTree = "<group>";
		};
/* End PBXVariantGroup section */

/* Begin XCBuildConfiguration section */
		7D331D5A27003AB3003BF547 /* Debug */ = {
			isa = XCBuildConfiguration;
			buildSettings = {
				ALWAYS_EMBED_SWIFT_STANDARD_LIBRARIES = YES;
				ALWAYS_SEARCH_USER_PATHS = NO;
				CLANG_ANALYZER_NONNULL = YES;
				CLANG_ANALYZER_NUMBER_OBJECT_CONVERSION = YES_AGGRESSIVE;
				CLANG_CXX_LANGUAGE_STANDARD = "gnu++14";
				CLANG_CXX_LIBRARY = "libc++";
				CLANG_ENABLE_MODULES = YES;
				CLANG_ENABLE_OBJC_ARC = NO;
				CLANG_ENABLE_OBJC_WEAK = YES;
				CLANG_WARN_BLOCK_CAPTURE_AUTORELEASING = YES;
				CLANG_WARN_BOOL_CONVERSION = YES;
				CLANG_WARN_COMMA = YES;
				CLANG_WARN_CONSTANT_CONVERSION = YES;
				CLANG_WARN_DEPRECATED_OBJC_IMPLEMENTATIONS = YES;
				CLANG_WARN_DIRECT_OBJC_ISA_USAGE = YES_ERROR;
				CLANG_WARN_DOCUMENTATION_COMMENTS = YES;
				CLANG_WARN_EMPTY_BODY = YES;
				CLANG_WARN_ENUM_CONVERSION = YES;
				CLANG_WARN_INFINITE_RECURSION = YES;
				CLANG_WARN_INT_CONVERSION = YES;
				CLANG_WARN_NON_LITERAL_NULL_CONVERSION = YES;
				CLANG_WARN_OBJC_IMPLICIT_RETAIN_SELF = YES;
				CLANG_WARN_OBJC_LITERAL_CONVERSION = YES;
				CLANG_WARN_OBJC_ROOT_CLASS = YES_ERROR;
				CLANG_WARN_QUOTED_INCLUDE_IN_FRAMEWORK_HEADER = YES;
				CLANG_WARN_RANGE_LOOP_ANALYSIS = YES;
				CLANG_WARN_STRICT_PROTOTYPES = YES;
				CLANG_WARN_SUSPICIOUS_MOVE = YES;
				CLANG_WARN_UNGUARDED_AVAILABILITY = YES_AGGRESSIVE;
				CLANG_WARN_UNREACHABLE_CODE = YES;
				CLANG_WARN__DUPLICATE_METHOD_MATCH = YES;
				COPY_PHASE_STRIP = NO;
				DEBUG_INFORMATION_FORMAT = dwarf;
				ENABLE_STRICT_OBJC_MSGSEND = YES;
				ENABLE_TESTABILITY = YES;
				ENABLE_TESTING_SEARCH_PATHS = YES;
				GCC_C_LANGUAGE_STANDARD = gnu11;
				GCC_DYNAMIC_NO_PIC = NO;
				GCC_NO_COMMON_BLOCKS = YES;
				GCC_OPTIMIZATION_LEVEL = 0;
				GCC_PREPROCESSOR_DEFINITIONS = (
					"DEBUG=1",
					"$(inherited)",
				);
				GCC_WARN_64_TO_32_BIT_CONVERSION = YES;
				GCC_WARN_ABOUT_RETURN_TYPE = YES_ERROR;
				GCC_WARN_UNDECLARED_SELECTOR = YES;
				GCC_WARN_UNINITIALIZED_AUTOS = YES_AGGRESSIVE;
				GCC_WARN_UNUSED_FUNCTION = YES;
				GCC_WARN_UNUSED_VARIABLE = YES;
				IPHONEOS_DEPLOYMENT_TARGET = 14.5;
				MTL_ENABLE_DEBUG_INFO = INCLUDE_SOURCE;
				MTL_FAST_MATH = YES;
				ONLY_ACTIVE_ARCH = YES;
				SDKROOT = iphoneos;
				SWIFT_ACTIVE_COMPILATION_CONDITIONS = DEBUG;
				SWIFT_OPTIMIZATION_LEVEL = "-Onone";
			};
			name = Debug;
		};
		7D331D5B27003AB3003BF547 /* Release */ = {
			isa = XCBuildConfiguration;
			buildSettings = {
				ALWAYS_EMBED_SWIFT_STANDARD_LIBRARIES = YES;
				ALWAYS_SEARCH_USER_PATHS = NO;
				CLANG_ANALYZER_NONNULL = YES;
				CLANG_ANALYZER_NUMBER_OBJECT_CONVERSION = YES_AGGRESSIVE;
				CLANG_CXX_LANGUAGE_STANDARD = "gnu++14";
				CLANG_CXX_LIBRARY = "libc++";
				CLANG_ENABLE_MODULES = YES;
				CLANG_ENABLE_OBJC_ARC = NO;
				CLANG_ENABLE_OBJC_WEAK = YES;
				CLANG_WARN_BLOCK_CAPTURE_AUTORELEASING = YES;
				CLANG_WARN_BOOL_CONVERSION = YES;
				CLANG_WARN_COMMA = YES;
				CLANG_WARN_CONSTANT_CONVERSION = YES;
				CLANG_WARN_DEPRECATED_OBJC_IMPLEMENTATIONS = YES;
				CLANG_WARN_DIRECT_OBJC_ISA_USAGE = YES_ERROR;
				CLANG_WARN_DOCUMENTATION_COMMENTS = YES;
				CLANG_WARN_EMPTY_BODY = YES;
				CLANG_WARN_ENUM_CONVERSION = YES;
				CLANG_WARN_INFINITE_RECURSION = YES;
				CLANG_WARN_INT_CONVERSION = YES;
				CLANG_WARN_NON_LITERAL_NULL_CONVERSION = YES;
				CLANG_WARN_OBJC_IMPLICIT_RETAIN_SELF = YES;
				CLANG_WARN_OBJC_LITERAL_CONVERSION = YES;
				CLANG_WARN_OBJC_ROOT_CLASS = YES_ERROR;
				CLANG_WARN_QUOTED_INCLUDE_IN_FRAMEWORK_HEADER = YES;
				CLANG_WARN_RANGE_LOOP_ANALYSIS = YES;
				CLANG_WARN_STRICT_PROTOTYPES = YES;
				CLANG_WARN_SUSPICIOUS_MOVE = YES;
				CLANG_WARN_UNGUARDED_AVAILABILITY = YES_AGGRESSIVE;
				CLANG_WARN_UNREACHABLE_CODE = YES;
				CLANG_WARN__DUPLICATE_METHOD_MATCH = YES;
				COPY_PHASE_STRIP = NO;
				DEBUG_INFORMATION_FORMAT = "dwarf-with-dsym";
				ENABLE_NS_ASSERTIONS = NO;
				ENABLE_STRICT_OBJC_MSGSEND = YES;
				ENABLE_TESTING_SEARCH_PATHS = YES;
				GCC_C_LANGUAGE_STANDARD = gnu11;
				GCC_NO_COMMON_BLOCKS = YES;
				GCC_WARN_64_TO_32_BIT_CONVERSION = YES;
				GCC_WARN_ABOUT_RETURN_TYPE = YES_ERROR;
				GCC_WARN_UNDECLARED_SELECTOR = YES;
				GCC_WARN_UNINITIALIZED_AUTOS = YES_AGGRESSIVE;
				GCC_WARN_UNUSED_FUNCTION = YES;
				GCC_WARN_UNUSED_VARIABLE = YES;
				IPHONEOS_DEPLOYMENT_TARGET = 14.5;
				MTL_ENABLE_DEBUG_INFO = NO;
				MTL_FAST_MATH = YES;
				SDKROOT = iphoneos;
				SWIFT_COMPILATION_MODE = wholemodule;
				SWIFT_OPTIMIZATION_LEVEL = "-O";
				VALIDATE_PRODUCT = YES;
			};
			name = Release;
		};
		7D331D5D27003AB3003BF547 /* Debug */ = {
			isa = XCBuildConfiguration;
			baseConfigurationReference = 7A75EC744EF000C7C238B65D /* Pods-FindCVS.debug.xcconfig */;
			buildSettings = {
				ASSETCATALOG_COMPILER_APPICON_NAME = AppIcon;
				ASSETCATALOG_COMPILER_GLOBAL_ACCENT_COLOR_NAME = AccentColor;
				CODE_SIGN_STYLE = Automatic;
				DEVELOPMENT_TEAM = W6SXRBR67B;
				ENABLE_TESTING_SEARCH_PATHS = YES;
				FRAMEWORK_SEARCH_PATHS = (
					"$(inherited)",
					"$(PROJECT_DIR)/DaumMap.embeddedframework",
				);
				INFOPLIST_FILE = FindCVS/Info.plist;
				IPHONEOS_DEPLOYMENT_TARGET = 18.6;
				LD_RUNPATH_SEARCH_PATHS = (
					"$(inherited)",
					"@executable_path/Frameworks",
				);
				PRODUCT_BUNDLE_IDENTIFIER = com.sanghoon.FindCVS;
				PRODUCT_NAME = "$(TARGET_NAME)";
				SWIFT_OBJC_BRIDGING_HEADER = "${SRCROOT}/FindCVS/BridgingHeader.h";
				SWIFT_VERSION = 5.0;
				TARGETED_DEVICE_FAMILY = 1;
				WRAPPER_EXTENSION = app;
			};
			name = Debug;
		};
		7D331D5E27003AB3003BF547 /* Release */ = {
			isa = XCBuildConfiguration;
			baseConfigurationReference = 44F12848095DEFFD4A3DAC50 /* Pods-FindCVS.release.xcconfig */;
			buildSettings = {
				ASSETCATALOG_COMPILER_APPICON_NAME = AppIcon;
				ASSETCATALOG_COMPILER_GLOBAL_ACCENT_COLOR_NAME = AccentColor;
				CODE_SIGN_STYLE = Automatic;
				DEVELOPMENT_TEAM = W6SXRBR67B;
				ENABLE_TESTING_SEARCH_PATHS = YES;
				FRAMEWORK_SEARCH_PATHS = (
					"$(inherited)",
					"$(PROJECT_DIR)/DaumMap.embeddedframework",
				);
				INFOPLIST_FILE = FindCVS/Info.plist;
				IPHONEOS_DEPLOYMENT_TARGET = 18.6;
				LD_RUNPATH_SEARCH_PATHS = (
					"$(inherited)",
					"@executable_path/Frameworks",
				);
				PRODUCT_BUNDLE_IDENTIFIER = com.sanghoon.FindCVS;
				PRODUCT_NAME = "$(TARGET_NAME)";
				SWIFT_OBJC_BRIDGING_HEADER = "${SRCROOT}/FindCVS/BridgingHeader.h";
				SWIFT_VERSION = 5.0;
				TARGETED_DEVICE_FAMILY = 1;
				WRAPPER_EXTENSION = app;
			};
			name = Release;
		};
		7DA2D7A72700734E002B7663 /* Debug */ = {
			isa = XCBuildConfiguration;
			baseConfigurationReference = 42A4BBABBC9623E59B00835F /* Pods-FindCVSTests.debug.xcconfig */;
			buildSettings = {
				BUNDLE_LOADER = "$(TEST_HOST)";
				CLANG_ENABLE_MODULES = YES;
				CLANG_ENABLE_OBJC_ARC = YES;
				CODE_SIGN_STYLE = Automatic;
				DEVELOPMENT_TEAM = W6SXRBR67B;
				INFOPLIST_FILE = FindCVSTests/Info.plist;
				LD_RUNPATH_SEARCH_PATHS = (
					"$(inherited)",
					"@executable_path/Frameworks",
					"@loader_path/Frameworks",
				);
				PRODUCT_BUNDLE_IDENTIFIER = com.sanghoon.FindCVSTests;
				PRODUCT_NAME = "$(TARGET_NAME)";
				SWIFT_OPTIMIZATION_LEVEL = "-Onone";
				SWIFT_VERSION = 5.0;
				TARGETED_DEVICE_FAMILY = "1,2";
				TEST_HOST = "$(BUILT_PRODUCTS_DIR)/FindCVS.app/FindCVS";
			};
			name = Debug;
		};
		7DA2D7A82700734E002B7663 /* Release */ = {
			isa = XCBuildConfiguration;
			baseConfigurationReference = A68441B6918A05E650022C59 /* Pods-FindCVSTests.release.xcconfig */;
			buildSettings = {
				BUNDLE_LOADER = "$(TEST_HOST)";
				CLANG_ENABLE_MODULES = YES;
				CLANG_ENABLE_OBJC_ARC = YES;
				CODE_SIGN_STYLE = Automatic;
				DEVELOPMENT_TEAM = W6SXRBR67B;
				INFOPLIST_FILE = FindCVSTests/Info.plist;
				LD_RUNPATH_SEARCH_PATHS = (
					"$(inherited)",
					"@executable_path/Frameworks",
					"@loader_path/Frameworks",
				);
				PRODUCT_BUNDLE_IDENTIFIER = com.sanghoon.FindCVSTests;
				PRODUCT_NAME = "$(TARGET_NAME)";
				SWIFT_VERSION = 5.0;
				TARGETED_DEVICE_FAMILY = "1,2";
				TEST_HOST = "$(BUILT_PRODUCTS_DIR)/FindCVS.app/FindCVS";
			};
			name = Release;
		};
/* End XCBuildConfiguration section */

/* Begin XCConfigurationList section */
		7D331D4327003AB1003BF547 /* Build configuration list for PBXProject "FindCVS" */ = {
			isa = XCConfigurationList;
			buildConfigurations = (
				7D331D5A27003AB3003BF547 /* Debug */,
				7D331D5B27003AB3003BF547 /* Release */,
			);
			defaultConfigurationIsVisible = 0;
			defaultConfigurationName = Release;
		};
		7D331D5C27003AB3003BF547 /* Build configuration list for PBXNativeTarget "FindCVS" */ = {
			isa = XCConfigurationList;
			buildConfigurations = (
				7D331D5D27003AB3003BF547 /* Debug */,
				7D331D5E27003AB3003BF547 /* Release */,
			);
			defaultConfigurationIsVisible = 0;
			defaultConfigurationName = Release;
		};
		7DA2D7A62700734E002B7663 /* Build configuration list for PBXNativeTarget "FindCVSTests" */ = {
			isa = XCConfigurationList;
			buildConfigurations = (
				7DA2D7A72700734E002B7663 /* Debug */,
				7DA2D7A82700734E002B7663 /* Release */,
			);
			defaultConfigurationIsVisible = 0;
			defaultConfigurationName = Release;
		};
/* End XCConfigurationList section */
	};
	rootObject = 7D331D4027003AB1003BF547 /* Project object */;
}
