PODS:
  - CwlCatchException (2.2.1):
    - CwlCatchExceptionSupport (~> 2.2.1)
  - CwlCatchExceptionSupport (2.2.1)
  - CwlMachBadInstructionHandler (2.2.2)
  - CwlPosixPreconditionTesting (2.2.2)
  - CwlPreconditionTesting (2.2.2):
    - CwlCatchException (~> 2.2.1)
    - CwlMachBadInstructionHandler (~> 2.2.2)
    - CwlPosixPreconditionTesting (~> 2.2.2)
  - Nimble (13.7.1):
    - CwlPreconditionTesting (~> 2.2.0)
  - RxBlocking (6.9.0):
    - RxSwift (= 6.9.0)
  - RxCocoa (6.9.0):
    - RxRelay (= 6.9.0)
    - RxSwift (= 6.9.0)
  - RxRelay (6.9.0):
    - RxSwift (= 6.9.0)
  - RxSwift (6.9.0)
  - RxTest (6.9.0):
    - RxSwift (= 6.9.0)
  - SnapKit (5.7.1)
  - Stubber (1.5.3)

DEPENDENCIES:
  - Nimble
  - RxBlocking
  - RxCocoa
  - RxSwift
  - RxTest
  - SnapKit
  - Stubber

SPEC REPOS:
  trunk:
    - CwlCatchException
    - CwlCatchExceptionSupport
    - CwlMachBadInstructionHandler
    - CwlPosixPreconditionTesting
    - CwlPreconditionTesting
    - Nimble
    - RxBlocking
    - RxCocoa
    - RxRelay
    - RxSwift
    - RxTest
    - SnapKit
    - Stubber

SPEC CHECKSUMS:
  CwlCatchException: 7acc161b299a6de7f0a46a6ed741eae2c8b4d75a
  CwlCatchExceptionSupport: 54ccab8d8c78907b57f99717fb19d4cc3bce02dc
  CwlMachBadInstructionHandler: dae4fdd124d45c9910ac240287cc7b898f4502a1
  CwlPosixPreconditionTesting: ecd095aa2129e740b44301c34571e8d85906fb88
  CwlPreconditionTesting: 67a0047dd4de4382b93442c0e3f25207f984f35a
  Nimble: 317d713c30c3336dd8571da1889f7ec3afc626e8
  RxBlocking: 5d2b26d019b6ba9eb3f58638611f124609c44822
  RxCocoa: ac16414696ae706516be3e1ab00fcce5bdc9be8a
  RxRelay: 6b0c930e5cef57d5fe2032571e5e65b78e3cbdb1
  RxSwift: 31649ace6aceeb422e16ff71c60804f9c3281ed9
  RxTest: fa7749822359a10a19b9fa32b80dbe608e4ce44e
  SnapKit: d612e99e678a2d3b95bf60b0705ed0a35c03484a
  Stubber: 3ea4080870feeaf5b1637314a92245eef9b8c8e7

PODFILE CHECKSUM: 6464b79e60884737639c472963c39aacb979df2e

COCOAPODS: 1.16.2
